
Microsoft Visual Studio Solution File, Format Version 12.00
# Visual Studio 2013
VisualStudioVersion = 12.0.40629.0
MinimumVisualStudioVersion = 10.0.40219.1
Project("{FAE04EC0-301F-11D3-BF4B-00C04F79EFBC}") = "ProjektGrupowy", "ProjektGrupowy\ProjektGrupowy.csproj", "{26BE0246-C8A3-4F86-8741-CF82041CF811}"
EndProject
Project("{FAE04EC0-301F-11D3-BF4B-00C04F79EFBC}") = "CTS", "CTS\CTS.csproj", "{919B61DE-040F-4498-8AFC-4C7FA9D67893}"
EndProject
Project("{FAE04EC0-301F-11D3-BF4B-00C04F79EFBC}") = "DAL", "DAL\DAL.csproj", "{BA90958D-8465-4290-8409-083F101096B7}"
EndProject
Global
	GlobalSection(SolutionConfigurationPlatforms) = preSolution
		Debug|Any CPU = Debug|Any CPU
		Debug|x86 = Debug|x86
		Release|Any CPU = Release|Any CPU
		Release|x86 = Release|x86
	EndGlobalSection
	GlobalSection(ProjectConfigurationPlatforms) = postSolution
		{26BE0246-C8A3-4F86-8741-CF82041CF811}.Debug|Any CPU.ActiveCfg = Debug|x86
		{26BE0246-C8A3-4F86-8741-CF82041CF811}.Debug|Any CPU.Build.0 = Debug|x86
		{26BE0246-C8A3-4F86-8741-CF82041CF811}.Debug|x86.ActiveCfg = Debug|x86
		{26BE0246-C8A3-4F86-8741-CF82041CF811}.Debug|x86.Build.0 = Debug|x86
		{26BE0246-C8A3-4F86-8741-CF82041CF811}.Release|Any CPU.ActiveCfg = Release|x86
		{26BE0246-C8A3-4F86-8741-CF82041CF811}.Release|Any CPU.Build.0 = Release|x86
		{26BE0246-C8A3-4F86-8741-CF82041CF811}.Release|x86.ActiveCfg = Release|x86
		{26BE0246-C8A3-4F86-8741-CF82041CF811}.Release|x86.Build.0 = Release|x86
		{919B61DE-040F-4498-8AFC-4C7FA9D67893}.Debug|Any CPU.ActiveCfg = Debug|x86
		{919B61DE-040F-4498-8AFC-4C7FA9D67893}.Debug|Any CPU.Build.0 = Debug|x86
		{919B61DE-040F-4498-8AFC-4C7FA9D67893}.Debug|x86.ActiveCfg = Debug|x86
		{919B61DE-040F-4498-8AFC-4C7FA9D67893}.Debug|x86.Build.0 = Debug|x86
		{919B61DE-040F-4498-8AFC-4C7FA9D67893}.Release|Any CPU.ActiveCfg = Release|x86
		{919B61DE-040F-4498-8AFC-4C7FA9D67893}.Release|Any CPU.Build.0 = Release|x86
		{919B61DE-040F-4498-8AFC-4C7FA9D67893}.Release|x86.ActiveCfg = Release|x86
		{919B61DE-040F-4498-8AFC-4C7FA9D67893}.Release|x86.Build.0 = Release|x86
		{BA90958D-8465-4290-8409-083F101096B7}.Debug|Any CPU.ActiveCfg = Debug|x86
		{BA90958D-8465-4290-8409-083F101096B7}.Debug|Any CPU.Build.0 = Debug|x86
		{BA90958D-8465-4290-8409-083F101096B7}.Debug|x86.ActiveCfg = Debug|x86
		{BA90958D-8465-4290-8409-083F101096B7}.Debug|x86.Build.0 = Debug|x86
		{BA90958D-8465-4290-8409-083F101096B7}.Release|Any CPU.ActiveCfg = Release|x86
		{BA90958D-8465-4290-8409-083F101096B7}.Release|Any CPU.Build.0 = Release|x86
		{BA90958D-8465-4290-8409-083F101096B7}.Release|x86.ActiveCfg = Release|x86
		{BA90958D-8465-4290-8409-083F101096B7}.Release|x86.Build.0 = Release|x86
	EndGlobalSection
	GlobalSection(SolutionProperties) = preSolution
		HideSolutionNode = FALSE
	EndGlobalSection
EndGlobal
